<Solution>
  <Folder Name="/Metadata/">
    <File Path="Metadata/CLAUDE.md" />
    <File Path="Metadata/CODE_REVIEW_REPORT.md" />
    <File Path="Metadata/IMPROVEMENT_ROADMAP.md" />
    <File Path="Metadata/REFACTOR_STATUS.md" />
    <File Path="Metadata/RULES.md" />
    <File Path="Metadata/TODO.md" />
  </Folder>
  <Folder Name="/Metadata/Adapter/">
    <File Path="Metadata/Adapter/AdapterFactory.cs" />
    <File Path="Metadata/Adapter/AdapterRunner.cs" />
    <File Path="Metadata/Adapter/IKernelAdapter.cs" />
    <File Path="Metadata/Adapter/OperatingMode.cs" />
    <File Path="Metadata/Adapter/README.md" />
  </Folder>
  <Folder Name="/Plugins/">
    <File Path="Plugin Readme.txt" />
    <Project Path="Plugins/DataWarehouse.Plugins.AccessControl/DataWarehouse.Plugins.AccessControl.csproj" />
    <Project Path="Plugins/DataWarehouse.Plugins.AccessLog/DataWarehouse.Plugins.AccessLog.csproj" />
    <Project Path="Plugins/DataWarehouse.Plugins.AccessPrediction/DataWarehouse.Plugins.AccessPrediction.csproj" />
    <Project Path="Plugins/DataWarehouse.Plugins.AdaptiveEc/DataWarehouse.Plugins.AdaptiveEc.csproj" />
    <Project Path="Plugins/DataWarehouse.Plugins.AdoNetProvider/DataWarehouse.Plugins.AdoNetProvider.csproj" />
    <Project Path="Plugins/DataWarehouse.Plugins.AdvancedRaid/DataWarehouse.Plugins.AdvancedRaid.csproj" />
    <Project Path="Plugins/DataWarehouse.Plugins.AesEncryption/DataWarehouse.Plugins.AesEncryption.csproj" />
    <Project Path="Plugins/DataWarehouse.Plugins.AIAgents/DataWarehouse.Plugins.AIAgents.csproj" />
    <Project Path="Plugins/DataWarehouse.Plugins.AIInterface/DataWarehouse.Plugins.AIInterface.csproj" />
    <Project Path="Plugins/DataWarehouse.Plugins.AirGappedBackup/DataWarehouse.Plugins.AirGappedBackup.csproj" />
    <Project Path="Plugins/DataWarehouse.Plugins.Alerting/DataWarehouse.Plugins.Alerting.csproj" />
    <Project Path="Plugins/DataWarehouse.Plugins.AlertingOps/DataWarehouse.Plugins.AlertingOps.csproj" />
    <Project Path="Plugins/DataWarehouse.Plugins.ApacheSuperset/DataWarehouse.Plugins.ApacheSuperset.csproj" />
    <Project Path="Plugins/DataWarehouse.Plugins.AuditLogging/DataWarehouse.Plugins.AuditLogging.csproj" />
    <Project Path="Plugins/DataWarehouse.Plugins.AutoRaid/DataWarehouse.Plugins.AutoRaid.csproj" />
    <Project Path="Plugins/DataWarehouse.Plugins.AzureBlobStorage/DataWarehouse.Plugins.AzureBlobStorage.csproj" />
    <Project Path="Plugins/DataWarehouse.Plugins.Backup/DataWarehouse.Plugins.Backup.csproj" />
    <Project Path="Plugins/DataWarehouse.Plugins.BackupVerification/DataWarehouse.Plugins.BackupVerification.csproj" />
    <Project Path="Plugins/DataWarehouse.Plugins.BatteryAware/DataWarehouse.Plugins.BatteryAware.csproj" />
    <Project Path="Plugins/DataWarehouse.Plugins.Blockchain.Local/DataWarehouse.Plugins.Blockchain.Local.csproj" />
    <Project Path="Plugins/DataWarehouse.Plugins.BlueGreenDeployment/DataWarehouse.Plugins.BlueGreenDeployment.csproj" />
    <Project Path="Plugins/DataWarehouse.Plugins.BreakGlassRecovery/DataWarehouse.Plugins.BreakGlassRecovery.csproj" />
    <Project Path="Plugins/DataWarehouse.Plugins.BrotliCompression/DataWarehouse.Plugins.BrotliCompression.csproj" />
    <Project Path="Plugins/DataWarehouse.Plugins.CanaryDeployment/DataWarehouse.Plugins.CanaryDeployment.csproj" />
    <Project Path="Plugins/DataWarehouse.Plugins.CarbonAware/DataWarehouse.Plugins.CarbonAware.csproj" />
    <Project Path="Plugins/DataWarehouse.Plugins.CarbonAwareness/DataWarehouse.Plugins.CarbonAwareness.csproj" />
    <Project Path="Plugins/DataWarehouse.Plugins.ChaCha20Encryption/DataWarehouse.Plugins.ChaCha20Encryption.csproj" />
    <Project Path="Plugins/DataWarehouse.Plugins.Chronograf/DataWarehouse.Plugins.Chronograf.csproj" />
    <Project Path="Plugins/DataWarehouse.Plugins.CloudStorage/DataWarehouse.Plugins.CloudStorage.csproj" />
    <Project Path="Plugins/DataWarehouse.Plugins.Compliance/DataWarehouse.Plugins.Compliance.csproj" />
    <Project Path="Plugins/DataWarehouse.Plugins.ComplianceAutomation/DataWarehouse.Plugins.ComplianceAutomation.csproj" />
    <Project Path="Plugins/DataWarehouse.Plugins.Compression/DataWarehouse.Plugins.Compression.csproj" />
    <Project Path="Plugins/DataWarehouse.Plugins.ContentProcessing/DataWarehouse.Plugins.ContentProcessing.csproj" />
    <Project Path="Plugins/DataWarehouse.Plugins.CrashRecovery/DataWarehouse.Plugins.CrashRecovery.csproj" />
    <Project Path="Plugins/DataWarehouse.Plugins.CrdtReplication/DataWarehouse.Plugins.CrdtReplication.csproj" />
    <Project Path="Plugins/DataWarehouse.Plugins.CrossRegion/DataWarehouse.Plugins.CrossRegion.csproj" />
    <Project Path="Plugins/DataWarehouse.Plugins.DataConnectors/DataWarehouse.Plugins.DataConnectors.csproj" />
    <Project Path="Plugins/DataWarehouse.Plugins.DatabaseImport/DataWarehouse.Plugins.DatabaseImport.csproj" />
    <Project Path="Plugins/DataWarehouse.Plugins.Datadog/DataWarehouse.Plugins.Datadog.csproj" />
    <Project Path="Plugins/DataWarehouse.Plugins.DataRetention/DataWarehouse.Plugins.DataRetention.csproj" />
    <Project Path="Plugins/DataWarehouse.Plugins.Deduplication/DataWarehouse.Plugins.Deduplication.csproj" />
    <Project Path="Plugins/DataWarehouse.Plugins.DeflateCompression/DataWarehouse.Plugins.DeflateCompression.csproj" />
    <Project Path="Plugins/DataWarehouse.Plugins.DeltaSyncVersioning/DataWarehouse.Plugins.DeltaSyncVersioning.csproj" />
    <Project Path="Plugins/DataWarehouse.Plugins.DifferentialBackup/DataWarehouse.Plugins.DifferentialBackup.csproj" />
    <Project Path="Plugins/DataWarehouse.Plugins.DistributedTracing/DataWarehouse.Plugins.DistributedTracing.csproj" />
    <Project Path="Plugins/DataWarehouse.Plugins.DistributedTransactions/DataWarehouse.Plugins.DistributedTransactions.csproj" />
    <Project Path="Plugins/DataWarehouse.Plugins.Docker/DataWarehouse.Plugins.Docker.csproj" />
    <Project Path="Plugins/DataWarehouse.Plugins.Dynatrace/DataWarehouse.Plugins.Dynatrace.csproj" />
    <Project Path="Plugins/DataWarehouse.Plugins.EmbeddedDatabaseStorage/DataWarehouse.Plugins.EmbeddedDatabaseStorage.csproj" />
    <Project Path="Plugins/DataWarehouse.Plugins.Encryption/DataWarehouse.Plugins.Encryption.csproj" />
    <Project Path="Plugins/DataWarehouse.Plugins.EnhancedRaid/DataWarehouse.Plugins.EnhancedRaid.csproj" />
    <Project Path="Plugins/DataWarehouse.Plugins.EntropyAnalysis/DataWarehouse.Plugins.EntropyAnalysis.csproj" />
    <Project Path="Plugins/DataWarehouse.Plugins.ErasureCoding/DataWarehouse.Plugins.ErasureCoding.csproj" />
    <Project Path="Plugins/DataWarehouse.Plugins.ExabyteScale/DataWarehouse.Plugins.ExabyteScale.csproj" />
    <Project Path="Plugins/DataWarehouse.Plugins.ExtendedRaid/DataWarehouse.Plugins.ExtendedRaid.csproj" />
    <Project Path="Plugins/DataWarehouse.Plugins.FederatedQuery/DataWarehouse.Plugins.FederatedQuery.csproj" />
    <Project Path="Plugins/DataWarehouse.Plugins.Federation/DataWarehouse.Plugins.Federation.csproj" />
    <Project Path="Plugins/DataWarehouse.Plugins.FedRampCompliance/DataWarehouse.Plugins.FedRampCompliance.csproj" />
    <Project Path="Plugins/DataWarehouse.Plugins.FileKeyStore/DataWarehouse.Plugins.FileKeyStore.csproj" />
    <Project Path="Plugins/DataWarehouse.Plugins.FilesystemCore/DataWarehouse.Plugins.FilesystemCore.csproj" />
    <Project Path="Plugins/DataWarehouse.Plugins.FipsEncryption/DataWarehouse.Plugins.FipsEncryption.csproj" />
    <Project Path="Plugins/DataWarehouse.Plugins.FuseDriver/DataWarehouse.Plugins.FuseDriver.csproj" />
    <Project Path="Plugins/DataWarehouse.Plugins.GcsStorage/DataWarehouse.Plugins.GcsStorage.csproj" />
    <Project Path="Plugins/DataWarehouse.Plugins.Geckoboard/DataWarehouse.Plugins.Geckoboard.csproj" />
    <Project Path="Plugins/DataWarehouse.Plugins.GeoDistributedConsensus/DataWarehouse.Plugins.GeoDistributedConsensus.csproj" />
    <Project Path="Plugins/DataWarehouse.Plugins.GeoReplication/DataWarehouse.Plugins.GeoReplication.csproj" />
    <Project Path="Plugins/DataWarehouse.Plugins.GlobalDedup/DataWarehouse.Plugins.GlobalDedup.csproj" />
    <Project Path="Plugins/DataWarehouse.Plugins.Governance/DataWarehouse.Plugins.Governance.csproj" />
    <Project Path="Plugins/DataWarehouse.Plugins.GrafanaLoki/DataWarehouse.Plugins.GrafanaLoki.csproj" />
    <Project Path="Plugins/DataWarehouse.Plugins.GraphQlApi/DataWarehouse.Plugins.GraphQlApi.csproj" />
    <Project Path="Plugins/DataWarehouse.Plugins.GrpcInterface/DataWarehouse.Plugins.GrpcInterface.csproj" />
    <Project Path="Plugins/DataWarehouse.Plugins.GrpcStorage/DataWarehouse.Plugins.GrpcStorage.csproj" />
    <Project Path="Plugins/DataWarehouse.Plugins.GZipCompression/DataWarehouse.Plugins.GZipCompression.csproj" />
    <Project Path="Plugins/DataWarehouse.Plugins.HardwareAcceleration/DataWarehouse.Plugins.HardwareAcceleration.csproj" />
    <Project Path="Plugins/DataWarehouse.Plugins.HierarchicalQuorum/DataWarehouse.Plugins.HierarchicalQuorum.csproj" />
    <Project Path="Plugins/DataWarehouse.Plugins.Hypervisor/DataWarehouse.Plugins.Hypervisor.csproj" />
    <Project Path="Plugins/DataWarehouse.Plugins.HotReload/DataWarehouse.Plugins.HotReload.csproj" />
    <Project Path="Plugins/DataWarehouse.Plugins.IAM/DataWarehouse.Plugins.IAM.csproj" />
    <Project Path="Plugins/DataWarehouse.Plugins.Integrity/DataWarehouse.Plugins.Integrity.csproj" />
    <Project Path="Plugins/DataWarehouse.Plugins.IpfsStorage/DataWarehouse.Plugins.IpfsStorage.csproj" />
    <Project Path="Plugins/DataWarehouse.Plugins.IsalEc/DataWarehouse.Plugins.IsalEc.csproj" />
    <Project Path="Plugins/DataWarehouse.Plugins.Jaeger/DataWarehouse.Plugins.Jaeger.csproj" />
    <Project Path="Plugins/DataWarehouse.Plugins.JdbcBridge/DataWarehouse.Plugins.JdbcBridge.csproj" />
    <Project Path="Plugins/DataWarehouse.Plugins.K8sOperator/DataWarehouse.Plugins.K8sOperator.csproj" />
    <Project Path="Plugins/DataWarehouse.Plugins.KeyRotation/DataWarehouse.Plugins.KeyRotation.csproj" />
    <Project Path="Plugins/DataWarehouse.Plugins.Kibana/DataWarehouse.Plugins.Kibana.csproj" />
    <Project Path="Plugins/DataWarehouse.Plugins.KubernetesCsi/DataWarehouse.Plugins.KubernetesCsi.csproj" />
    <Project Path="Plugins/DataWarehouse.Plugins.LoadBalancer/DataWarehouse.Plugins.LoadBalancer.csproj" />
    <Project Path="Plugins/DataWarehouse.Plugins.LocalStorage/DataWarehouse.Plugins.LocalStorage.csproj" />
    <Project Path="Plugins/DataWarehouse.Plugins.LogicMonitor/DataWarehouse.Plugins.LogicMonitor.csproj" />
    <Project Path="Plugins/DataWarehouse.Plugins.LowLatency/DataWarehouse.Plugins.LowLatency.csproj" />
    <Project Path="Plugins/DataWarehouse.Plugins.Logzio/DataWarehouse.Plugins.Logzio.csproj" />
    <Project Path="Plugins/DataWarehouse.Plugins.Lz4Compression/DataWarehouse.Plugins.Lz4Compression.csproj" />
    <Project Path="Plugins/DataWarehouse.Plugins.Metabase/DataWarehouse.Plugins.Metabase.csproj" />
    <Project Path="Plugins/DataWarehouse.Plugins.MilitarySecurity/DataWarehouse.Plugins.MilitarySecurity.csproj" />
    <Project Path="Plugins/DataWarehouse.Plugins.Metadata/DataWarehouse.Plugins.Metadata.csproj" />
    <Project Path="Plugins/DataWarehouse.Plugins.MetadataStorage/DataWarehouse.Plugins.MetadataStorage.csproj" />
    <Project Path="Plugins/DataWarehouse.Plugins.MultiMaster/DataWarehouse.Plugins.MultiMaster.csproj" />
    <Project Path="Plugins/DataWarehouse.Plugins.MySqlProtocol/DataWarehouse.Plugins.MySqlProtocol.csproj" />
    <Project Path="Plugins/DataWarehouse.Plugins.NestedRaid/DataWarehouse.Plugins.NestedRaid.csproj" />
    <Project Path="Plugins/DataWarehouse.Plugins.Netdata/DataWarehouse.Plugins.Netdata.csproj" />
    <Project Path="Plugins/DataWarehouse.Plugins.NetworkStorage/DataWarehouse.Plugins.NetworkStorage.csproj" />
    <Project Path="Plugins/DataWarehouse.Plugins.NewRelic/DataWarehouse.Plugins.NewRelic.csproj" />
    <Project Path="Plugins/DataWarehouse.Plugins.NoSQLDatabaseStorage/DataWarehouse.Plugins.NoSQLDatabaseStorage.csproj" />
    <Project Path="Plugins/DataWarehouse.Plugins.NoSqlProtocol/DataWarehouse.Plugins.NoSqlProtocol.csproj" />
    <Project Path="Plugins/DataWarehouse.Plugins.OdbcDriver/DataWarehouse.Plugins.OdbcDriver.csproj" />
    <Project Path="Plugins/DataWarehouse.Plugins.OpenTelemetry/DataWarehouse.Plugins.OpenTelemetry.csproj" />
    <Project Path="Plugins/DataWarehouse.Plugins.OracleTnsProtocol/DataWarehouse.Plugins.OracleTnsProtocol.csproj" />
    <Project Path="Plugins/DataWarehouse.Plugins.Perses/DataWarehouse.Plugins.Perses.csproj" />
    <Project Path="Plugins/DataWarehouse.Plugins.PostgresWireProtocol/DataWarehouse.Plugins.PostgresWireProtocol.csproj" />
    <Project Path="Plugins/DataWarehouse.Plugins.PowerBI/DataWarehouse.Plugins.PowerBI.csproj" />
    <Project Path="Plugins/DataWarehouse.Plugins.PredictiveTiering/DataWarehouse.Plugins.PredictiveTiering.csproj" />
    <Project Path="Plugins/DataWarehouse.Plugins.Prometheus/DataWarehouse.Plugins.Prometheus.csproj" />
    <Project Path="Plugins/DataWarehouse.Plugins.QuantumSafe/DataWarehouse.Plugins.QuantumSafe.csproj" />
    <Project Path="Plugins/DataWarehouse.Plugins.Raft/DataWarehouse.Plugins.Raft.csproj" />
    <Project Path="Plugins/DataWarehouse.Plugins.Raid/DataWarehouse.Plugins.Raid.csproj" />
    <Project Path="Plugins/DataWarehouse.Plugins.RAMDiskStorage/DataWarehouse.Plugins.RAMDiskStorage.csproj" />
    <Project Path="Plugins/DataWarehouse.Plugins.RealTimeSync/DataWarehouse.Plugins.RealTimeSync.csproj" />
    <Project Path="Plugins/DataWarehouse.Plugins.Redash/DataWarehouse.Plugins.Redash.csproj" />
    <Project Path="Plugins/DataWarehouse.Plugins.RelationalDatabaseStorage/DataWarehouse.Plugins.RelationalDatabaseStorage.csproj" />
    <Project Path="Plugins/DataWarehouse.Plugins.Resilience/DataWarehouse.Plugins.Resilience.csproj" />
    <Project Path="Plugins/DataWarehouse.Plugins.RestInterface/DataWarehouse.Plugins.RestInterface.csproj" />
    <Project Path="Plugins/DataWarehouse.Plugins.RetryPolicy/DataWarehouse.Plugins.RetryPolicy.csproj" />
    <Project Path="Plugins/DataWarehouse.Plugins.S3Storage/DataWarehouse.Plugins.S3Storage.csproj" />
    <Project Path="Plugins/DataWarehouse.Plugins.SchemaRegistry/DataWarehouse.Plugins.SchemaRegistry.csproj" />
    <Project Path="Plugins/DataWarehouse.Plugins.Search/DataWarehouse.Plugins.Search.csproj" />
    <Project Path="Plugins/DataWarehouse.Plugins.SecretManagement/DataWarehouse.Plugins.SecretManagement.csproj" />
    <Project Path="Plugins/DataWarehouse.Plugins.SelfHealingRaid/DataWarehouse.Plugins.SelfHealingRaid.csproj" />
    <Project Path="Plugins/DataWarehouse.Plugins.SerpentEncryption/DataWarehouse.Plugins.SerpentEncryption.csproj" />
    <Project Path="Plugins/DataWarehouse.Plugins.Sharding/DataWarehouse.Plugins.Sharding.csproj" />
    <Project Path="Plugins/DataWarehouse.Plugins.SharedRaidUtilities/DataWarehouse.Plugins.SharedRaidUtilities.csproj" />
    <Project Path="Plugins/DataWarehouse.Plugins.SigNoz/DataWarehouse.Plugins.SigNoz.csproj" />
    <Project Path="Plugins/DataWarehouse.Plugins.SmartScheduling/DataWarehouse.Plugins.SmartScheduling.csproj" />
    <Project Path="Plugins/DataWarehouse.Plugins.Snapshot/DataWarehouse.Plugins.Snapshot.csproj" />
    <Project Path="Plugins/DataWarehouse.Plugins.Soc2Compliance/DataWarehouse.Plugins.Soc2Compliance.csproj" />
    <Project Path="Plugins/DataWarehouse.Plugins.Splunk/DataWarehouse.Plugins.Splunk.csproj" />
    <Project Path="Plugins/DataWarehouse.Plugins.SqlInterface/DataWarehouse.Plugins.SqlInterface.csproj" />
    <Project Path="Plugins/DataWarehouse.Plugins.StandardRaid/DataWarehouse.Plugins.StandardRaid.csproj" />
    <Project Path="Plugins/DataWarehouse.Plugins.SyntheticFullBackup/DataWarehouse.Plugins.SyntheticFullBackup.csproj" />
    <Project Path="Plugins/DataWarehouse.Plugins.Tableau/DataWarehouse.Plugins.Tableau.csproj" />
    <Project Path="Plugins/DataWarehouse.Plugins.TapeLibrary/DataWarehouse.Plugins.TapeLibrary.csproj" />
    <Project Path="Plugins/DataWarehouse.Plugins.TdsProtocol/DataWarehouse.Plugins.TdsProtocol.csproj" />
    <Project Path="Plugins/DataWarehouse.Plugins.ThreatDetection/DataWarehouse.Plugins.ThreatDetection.csproj" />
    <Project Path="Plugins/DataWarehouse.Plugins.Tiering/DataWarehouse.Plugins.Tiering.csproj" />
    <Project Path="Plugins/DataWarehouse.Plugins.TwofishEncryption/DataWarehouse.Plugins.TwofishEncryption.csproj" />
    <Project Path="Plugins/DataWarehouse.Plugins.VaultKeyStore/DataWarehouse.Plugins.VaultKeyStore.csproj" />
    <Project Path="Plugins/DataWarehouse.Plugins.VendorSpecificRaid/DataWarehouse.Plugins.VendorSpecificRaid.csproj" />
    <Project Path="Plugins/DataWarehouse.Plugins.Versioning/DataWarehouse.Plugins.Versioning.csproj" />
    <Project Path="Plugins/DataWarehouse.Plugins.VictoriaMetrics/DataWarehouse.Plugins.VictoriaMetrics.csproj" />
    <Project Path="Plugins/DataWarehouse.Plugins.WinFspDriver/DataWarehouse.Plugins.WinFspDriver.csproj">
      <Platform Solution="Debug|*" Project="x64" />
    </Project>
    <Project Path="Plugins/DataWarehouse.Plugins.TamperProof/DataWarehouse.Plugins.TamperProof.csproj" />
    <Project Path="Plugins/DataWarehouse.Plugins.Worm.Software/DataWarehouse.Plugins.Worm.Software.csproj" />
    <Project Path="Plugins/DataWarehouse.Plugins.Zabbix/DataWarehouse.Plugins.Zabbix.csproj" />
    <Project Path="Plugins/DataWarehouse.Plugins.ZeroConfig/DataWarehouse.Plugins.ZeroConfig.csproj" />
    <Project Path="Plugins/DataWarehouse.Plugins.ZeroDowntimeUpgrade/DataWarehouse.Plugins.ZeroDowntimeUpgrade.csproj" />
    <Project Path="Plugins/DataWarehouse.Plugins.ZeroKnowledgeEncryption/DataWarehouse.Plugins.ZeroKnowledgeEncryption.csproj" />
    <Project Path="Plugins/DataWarehouse.Plugins.ZeroTrust/DataWarehouse.Plugins.ZeroTrust.csproj" />
    <Project Path="Plugins/DataWarehouse.Plugins.ZfsRaid/DataWarehouse.Plugins.ZfsRaid.csproj" />
    <Project Path="Plugins/DataWarehouse.Plugins.ZstdCompression/DataWarehouse.Plugins.ZstdCompression.csproj" />
  </Folder>
  <Project Path="DataWarehouse.Benchmarks/DataWarehouse.Benchmarks.csproj" />
  <Project Path="DataWarehouse.CLI/DataWarehouse.CLI.csproj" />
  <Project Path="DataWarehouse.Dashboard/DataWarehouse.Dashboard.csproj" />
  <Project Path="DataWarehouse.GUI/DataWarehouse.GUI.csproj" />
  <Project Path="DataWarehouse.Kernel/DataWarehouse.Kernel.csproj" />
  <Project Path="DataWarehouse.Launcher/DataWarehouse.Launcher.csproj" />
  <Project Path="DataWarehouse.SDK/DataWarehouse.SDK.csproj" />
  <Project Path="DataWarehouse.Shared/DataWarehouse.Shared.csproj" />
  <Project Path="DataWarehouse.Tests/DataWarehouse.Tests.csproj" />
</Solution>
