<Solution>
  <Folder Name="/Metadata/">
    <File Path="Metadata/CLAUDE.md" />
    <File Path="Metadata/README.md" />
    <File Path="Metadata/RULES.md" />
    <File Path="Metadata/TODO.md" />
  </Folder>
  <Folder Name="/Plugins/">
    <File Path="Plugin Readme.txt" />
  </Folder>
  <Project Path="DataWarehouse.SDK/DataWarehouse.SDK.csproj" />
</Solution>
