<Solution>
  <Folder Name="/Metadata/">
    <File Path=".planning/PROJECT.md" />
    <File Path=".planning/ROADMAP.md" />
    <File Path=".planning/STATE.md" />
    <File Path="Metadata/CLAUDE.md" />
    <File Path="Metadata/IMPROVEMENT_ROADMAP.md" />
    <File Path="Metadata/REFACTOR_STATUS.md" />
    <File Path="Metadata/RULES.md" />
    <File Path="Metadata/TODO.md" />
    <File Path="SDK_REFACTOR_PLAN.md" />
  </Folder>
  <Folder Name="/Metadata/Adapter/">
    <File Path="Metadata/Adapter/AdapterFactory.cs" />
    <File Path="Metadata/Adapter/AdapterRunner.cs" />
    <File Path="Metadata/Adapter/IKernelAdapter.cs" />
    <File Path="Metadata/Adapter/OperatingMode.cs" />
    <File Path="Metadata/Adapter/README.md" />
  </Folder>
  <Folder Name="/Plugins/">
    <File Path="Plugin Readme.txt" />
    <Project Path="Plugins/DataWarehouse.Plugins.AedsCore/DataWarehouse.Plugins.AedsCore.csproj" />
    <Project Path="Plugins/DataWarehouse.Plugins.PluginMarketplace/DataWarehouse.Plugins.PluginMarketplace.csproj" />
    <Project Path="Plugins/DataWarehouse.Plugins.SemanticSync/DataWarehouse.Plugins.SemanticSync.csproj" />
    <Project Path="Plugins/DataWarehouse.Plugins.TamperProof/DataWarehouse.Plugins.TamperProof.csproj" />
    <Project Path="Plugins/DataWarehouse.Plugins.Transcoding.Media/DataWarehouse.Plugins.Transcoding.Media.csproj" />
    <Project Path="Plugins/DataWarehouse.Plugins.UltimateAccessControl/DataWarehouse.Plugins.UltimateAccessControl.csproj" />
    <Project Path="Plugins/DataWarehouse.Plugins.UltimateBlockchain/DataWarehouse.Plugins.UltimateBlockchain.csproj" />
    <Project Path="Plugins/DataWarehouse.Plugins.UltimateCompliance/DataWarehouse.Plugins.UltimateCompliance.csproj" />
    <Project Path="Plugins/DataWarehouse.Plugins.UltimateCompression/DataWarehouse.Plugins.UltimateCompression.csproj" />
    <Project Path="Plugins/DataWarehouse.Plugins.UltimateCompute/DataWarehouse.Plugins.UltimateCompute.csproj" />
    <Project Path="Plugins/DataWarehouse.Plugins.UltimateConnector/DataWarehouse.Plugins.UltimateConnector.csproj" />
    <Project Path="Plugins/DataWarehouse.Plugins.UltimateConsensus/DataWarehouse.Plugins.UltimateConsensus.csproj" />
    <Project Path="Plugins/DataWarehouse.Plugins.UltimateDatabaseProtocol/DataWarehouse.Plugins.UltimateDatabaseProtocol.csproj" />
    <Project Path="Plugins/DataWarehouse.Plugins.UltimateDatabaseStorage/DataWarehouse.Plugins.UltimateDatabaseStorage.csproj" />
    <Project Path="Plugins/DataWarehouse.Plugins.UltimateDataCatalog/DataWarehouse.Plugins.UltimateDataCatalog.csproj" />
    <Project Path="Plugins/DataWarehouse.Plugins.UltimateDataFormat/DataWarehouse.Plugins.UltimateDataFormat.csproj" />
    <Project Path="Plugins/DataWarehouse.Plugins.UltimateDataGovernance/DataWarehouse.Plugins.UltimateDataGovernance.csproj" />
    <Project Path="Plugins/DataWarehouse.Plugins.UltimateDataIntegration/DataWarehouse.Plugins.UltimateDataIntegration.csproj" />
    <Project Path="Plugins/DataWarehouse.Plugins.UltimateDataIntegrity/DataWarehouse.Plugins.UltimateDataIntegrity.csproj" />
    <Project Path="Plugins/DataWarehouse.Plugins.UltimateDataLake/DataWarehouse.Plugins.UltimateDataLake.csproj" />
    <Project Path="Plugins/DataWarehouse.Plugins.UltimateDataLineage/DataWarehouse.Plugins.UltimateDataLineage.csproj" />
    <Project Path="Plugins/DataWarehouse.Plugins.UltimateDataManagement/DataWarehouse.Plugins.UltimateDataManagement.csproj" />
    <Project Path="Plugins/DataWarehouse.Plugins.UltimateDataMesh/DataWarehouse.Plugins.UltimateDataMesh.csproj" />
    <Project Path="Plugins/DataWarehouse.Plugins.UltimateDataPrivacy/DataWarehouse.Plugins.UltimateDataPrivacy.csproj" />
    <Project Path="Plugins/DataWarehouse.Plugins.UltimateDataProtection/DataWarehouse.Plugins.UltimateDataProtection.csproj" />
    <Project Path="Plugins/DataWarehouse.Plugins.UltimateDataQuality/DataWarehouse.Plugins.UltimateDataQuality.csproj" />
    <Project Path="Plugins/DataWarehouse.Plugins.UltimateDeployment/DataWarehouse.Plugins.UltimateDeployment.csproj" />
    <Project Path="Plugins/DataWarehouse.Plugins.UltimateDocGen/DataWarehouse.Plugins.UltimateDocGen.csproj" />
    <Project Path="Plugins/DataWarehouse.Plugins.UltimateEdgeComputing/DataWarehouse.Plugins.UltimateEdgeComputing.csproj" />
    <Project Path="Plugins/DataWarehouse.Plugins.UltimateEncryption/DataWarehouse.Plugins.UltimateEncryption.csproj" />
    <Project Path="Plugins/DataWarehouse.Plugins.UltimateFilesystem/DataWarehouse.Plugins.UltimateFilesystem.csproj" />
    <Project Path="Plugins/DataWarehouse.Plugins.UltimateIntelligence/DataWarehouse.Plugins.UltimateIntelligence.csproj" />
    <Project Path="Plugins/DataWarehouse.Plugins.UltimateInterface/DataWarehouse.Plugins.UltimateInterface.csproj" />
    <Project Path="Plugins/DataWarehouse.Plugins.UltimateIoTIntegration/DataWarehouse.Plugins.UltimateIoTIntegration.csproj" />
    <Project Path="Plugins/DataWarehouse.Plugins.UltimateKeyManagement/DataWarehouse.Plugins.UltimateKeyManagement.csproj" />
    <Project Path="Plugins/DataWarehouse.Plugins.UltimateMicroservices/DataWarehouse.Plugins.UltimateMicroservices.csproj" />
    <Project Path="Plugins/DataWarehouse.Plugins.UltimateMultiCloud/DataWarehouse.Plugins.UltimateMultiCloud.csproj" />
    <Project Path="Plugins/DataWarehouse.Plugins.UltimateRAID/DataWarehouse.Plugins.UltimateRAID.csproj" />
    <Project Path="Plugins/DataWarehouse.Plugins.UltimateDataTransit/DataWarehouse.Plugins.UltimateDataTransit.csproj" />
    <Project Path="Plugins/DataWarehouse.Plugins.UltimateReplication/DataWarehouse.Plugins.UltimateReplication.csproj" />
    <Project Path="Plugins/DataWarehouse.Plugins.UltimateResilience/DataWarehouse.Plugins.UltimateResilience.csproj" />
    <Project Path="Plugins/DataWarehouse.Plugins.UltimateResourceManager/DataWarehouse.Plugins.UltimateResourceManager.csproj" />
    <Project Path="Plugins/DataWarehouse.Plugins.UltimateRTOSBridge/DataWarehouse.Plugins.UltimateRTOSBridge.csproj" />
    <Project Path="Plugins/DataWarehouse.Plugins.UltimateSDKPorts/DataWarehouse.Plugins.UltimateSDKPorts.csproj" />
    <Project Path="Plugins/DataWarehouse.Plugins.UltimateServerless/DataWarehouse.Plugins.UltimateServerless.csproj" />
    <Project Path="Plugins/DataWarehouse.Plugins.UltimateStorage/DataWarehouse.Plugins.UltimateStorage.csproj" />
    <Project Path="Plugins/DataWarehouse.Plugins.UltimateStorageProcessing/DataWarehouse.Plugins.UltimateStorageProcessing.csproj" />
    <Project Path="Plugins/DataWarehouse.Plugins.UltimateStreamingData/DataWarehouse.Plugins.UltimateStreamingData.csproj" />
    <Project Path="Plugins/DataWarehouse.Plugins.UltimateSustainability/DataWarehouse.Plugins.UltimateSustainability.csproj" />
    <Project Path="Plugins/DataWarehouse.Plugins.UltimateWorkflow/DataWarehouse.Plugins.UltimateWorkflow.csproj" />
    <!-- UniversalDashboards merged into UltimateInterface (Phase 82-02) -->
    <Project Path="Plugins/DataWarehouse.Plugins.UniversalFabric/DataWarehouse.Plugins.UniversalFabric.csproj" />
    <Project Path="Plugins/DataWarehouse.Plugins.UniversalObservability/DataWarehouse.Plugins.UniversalObservability.csproj" />
  </Folder>
  <Project Path="AiArchitectureMapper/AiArchitectureMapper.csproj" />
  <Project Path="DataWarehouse.Benchmarks/DataWarehouse.Benchmarks.csproj" />
  <Project Path="DataWarehouse.CLI/DataWarehouse.CLI.csproj" />
  <Project Path="DataWarehouse.Dashboard/DataWarehouse.Dashboard.csproj" />
  <Project Path="DataWarehouse.GUI/DataWarehouse.GUI.csproj" />
  <Project Path="DataWarehouse.Kernel/DataWarehouse.Kernel.csproj" />
  <Project Path="DataWarehouse.Launcher/DataWarehouse.Launcher.csproj" />
  <Project Path="DataWarehouse.SDK/DataWarehouse.SDK.csproj" />
  <Project Path="DataWarehouse.Shared/DataWarehouse.Shared.csproj" />
  <Project Path="DataWarehouse.Tests/DataWarehouse.Tests.csproj" />
</Solution>
