{
  "version": 1,
  "dependencies": {
    "net10.0": {
      "BouncyCastle.Cryptography": {
        "type": "Direct",
        "requested": "[2.6.2, )",
        "resolved": "2.6.2",
        "contentHash": "7oWOcvnntmMKNzDLsdxAYqApt+AjpRpP2CShjMfIa3umZ42UQMvH0tl1qAliYPNYO6vTdcGMqnRrCPmsfzTI1w=="
      },
      "Konscious.Security.Cryptography.Argon2": {
        "type": "Direct",
        "requested": "[1.3.1, )",
        "resolved": "1.3.1",
        "contentHash": "T+OAGwzYYXftahpOxO7J4xA5K6urxwGnWQf3M+Jpi+76Azv/0T3M5SuN+h7/QvXuiqNw3ZEZ5QqVLI5ygDAylw==",
        "dependencies": {
          "Konscious.Security.Cryptography.Blake2": "1.1.1"
        }
      },
      "Microsoft.CodeAnalysis.BannedApiAnalyzers": {
        "type": "Direct",
        "requested": "[3.3.4, )",
        "resolved": "3.3.4",
        "contentHash": "0k2Jwpc8eq0hjOtX6TxRkHm9clkJ2PAQ3heEHgqIJZcsfdFosC/iyz18nsgTVDDWpID80rC7aiYK7ripx+Qndg=="
      },
      "Roslynator.Analyzers": {
        "type": "Direct",
        "requested": "[4.15.0, )",
        "resolved": "4.15.0",
        "contentHash": "E8fu71Y+vzhniJKy1K13Rzwm8Vjcj7CDFBpflqncKUZfc3SzuF0kMBiyMmgXNPkjWTdE3Z+30HlGgYjHONZY/Q=="
      },
      "SecurityCodeScan.VS2019": {
        "type": "Direct",
        "requested": "[5.6.7, )",
        "resolved": "5.6.7",
        "contentHash": "WIE9RJswdSc2j+rLz2gW6U+gMUjMHzY2j7C/CL8/R2olXNM/+twarfMnWqm+rZodDBvaYDApJyxM8mVYf9FGrQ=="
      },
      "SonarAnalyzer.CSharp": {
        "type": "Direct",
        "requested": "[10.19.0.132793, )",
        "resolved": "10.19.0.132793",
        "contentHash": "vDQSFE+KU5pXfVNzz4R4CA0ZGuLO35Sn+a7z2nyV9EM/nHsvl+WFGZ61Uk9eTdbhta1YXzqCMXB2B+6dn6ykVA=="
      },
      "Konscious.Security.Cryptography.Blake2": {
        "type": "Transitive",
        "resolved": "1.1.1",
        "contentHash": "odwOyzj/J/lHJZNwFWJGU/LRecBShupAJ2S8TQqZfhUe9niHzu/voBYK5wuVKsvSpzbfupKQYZguVyIk1sgOkQ=="
      },
      "Microsoft.Extensions.DependencyInjection.Abstractions": {
        "type": "Transitive",
        "resolved": "10.0.3",
        "contentHash": "bwGMrRcAMWx2s/RDgja97p27rxSz2pEQW0+rX5cWAUWVETVJ/eyxGfjAl8vuG5a+lckWmPIE+vcuaZNVB5YDdw=="
      },
      "Microsoft.Extensions.Logging.Abstractions": {
        "type": "Transitive",
        "resolved": "10.0.3",
        "contentHash": "lxl0WLk7ROgBFAsjcOYjQ8/DVK+VMszxGBzUhgtQmAsTNldLL5pk9NG/cWTsXHq0lUhUEAtZkEE7jOGOA8bGKQ==",
        "dependencies": {
          "Microsoft.Extensions.DependencyInjection.Abstractions": "10.0.3"
        }
      },
      "Microsoft.Json.Schema": {
        "type": "Transitive",
        "resolved": "2.3.0",
        "contentHash": "e1dp8xjCxp9P4+VSsfyxeAyQe6KpTbWHnYXXxb2+gdIHNBYDiaQU5+UjYLk3Gaym16s/03YIkp4ruLyJe9jozg==",
        "dependencies": {
          "Newtonsoft.Json": "9.0.1"
        }
      },
      "Microsoft.ML.OnnxRuntime": {
        "type": "Transitive",
        "resolved": "1.20.1",
        "contentHash": "NzUD79BC6R7TKROLyB3XCzXTpbNZ1YfOdVbult7hoFvd/xyRecOMiRO5HTzkPXvaFlcvZ91+WNCiroAPzUE7Dw==",
        "dependencies": {
          "Microsoft.ML.OnnxRuntime.Managed": "1.20.1"
        }
      },
      "Microsoft.ML.OnnxRuntime.Managed": {
        "type": "Transitive",
        "resolved": "1.20.1",
        "contentHash": "+EVcEcKdq3gkw6iu8TYl2coJxfPnMi1YQc6eZ80BGNlw6mbBCxNGe6h4udDCwENYWsXFvYjoBc6412t40tl4ew=="
      },
      "MQTTnet": {
        "type": "Transitive",
        "resolved": "4.3.7.1207",
        "contentHash": "ah7aHXoedWp5m5a4zy2u4phOEVj0QFYzOb5tFKQeV8RRBrxp+1QREF4ymZuG8D+hzB2dhtrrG81WxTFv0PzOeQ=="
      },
      "Newtonsoft.Json": {
        "type": "Transitive",
        "resolved": "13.0.4",
        "contentHash": "pdgNNMai3zv51W5aq268sujXUyx7SNdE2bj1wZcWjAQrKMFZV260lbqYop1d2GM67JI1huLRwxo9ZqnfF/lC6A=="
      },
      "OpenCvSharp4": {
        "type": "Transitive",
        "resolved": "4.10.0.20240615",
        "contentHash": "cX3cwyKaDFknbreKInp2nB91AqEci9OwippbXOKehrUoETTeiIYY3j1EwVwshb5k+o/EkJyoYUvq9vh3nbZupw=="
      },
      "OpenCvSharp4.runtime.win": {
        "type": "Transitive",
        "resolved": "4.10.0.20240615",
        "contentHash": "+BmRAXnKdwJxJ8qzjrXXK/bbQ/KpEwe9RM+X+/wf9hQ+ULPY1BP7k31LQTQRiEpPLGZGWfJUF2bchkW9cqT8cw=="
      },
      "System.CodeDom": {
        "type": "Transitive",
        "resolved": "10.0.3",
        "contentHash": "+G1mBhHJp8taiDcHK1gmckOZ884n9JeIrS1dzFYZhSa8oTiIF+EagIyAyCOQzdBbbES7eb9AkjGBlUZqqoCaeg=="
      },
      "System.Device.Gpio": {
        "type": "Transitive",
        "resolved": "3.2.0",
        "contentHash": "jaL93IC1S2wZfCSLWt8/1lQCp/pDAzDNE5dfLq+pubEhCp0BjDZze6rJMu2KdOuCOeRxHmBuhtWrIRlrTKFsTg=="
      },
      "System.IO.Hashing": {
        "type": "Transitive",
        "resolved": "10.0.3",
        "contentHash": "La6ICwsdTKhVX+LKN+pvFjQRR3LhLwq3uKdi2knjLzRyPYBSydF4cjXidYxIiTcDD6XVYdsBWQEI8ZxiZ/OdIg=="
      },
      "System.Management": {
        "type": "Transitive",
        "resolved": "10.0.3",
        "contentHash": "VyK/nnG1ZgwP/wY8HGrNrdha7kenyI+bkfE0miywiRaWVwqtenuYshA6pmP6Xm7lPsTE2ZRZ+BkzmUVg/VZtTg==",
        "dependencies": {
          "System.CodeDom": "10.0.3"
        }
      },
      "datawarehouse.sdk": {
        "type": "Project",
        "dependencies": {
          "MQTTnet": "[4.3.7.1207, )",
          "Microsoft.Extensions.Logging.Abstractions": "[10.0.3, )",
          "Microsoft.Json.Schema": "[2.3.0, )",
          "Microsoft.ML.OnnxRuntime": "[1.20.1, )",
          "Newtonsoft.Json": "[13.0.4, )",
          "OpenCvSharp4": "[4.10.0.20240615, )",
          "OpenCvSharp4.runtime.win": "[4.10.0.20240615, )",
          "System.Device.Gpio": "[3.2.0, )",
          "System.IO.Hashing": "[10.0.3, )",
          "System.Management": "[10.0.3, )"
        }
      }
    }
  }
}